# This file is automatically @generated by Cargo.
# It is not intended for manual editing.
version = 4

[[package]]
name = "inputflow-ai"
version = "0.1.0"

[[package]]
name = "inputflow-core"
version = "0.1.0"

[[package]]
name = "inputflow-dict"
version = "0.1.0"
dependencies = [
 "inputflow-core",
]

[[package]]
name = "inputflow-emoji"
version = "0.1.0"
dependencies = [
 "inputflow-core",
]

[[package]]
name = "inputflow-en"
version = "0.1.0"
dependencies = [
 "inputflow-core",
]

[[package]]
name = "inputflow-engine"
version = "0.1.0"
dependencies = [
 "inputflow-core",
 "inputflow-dict",
 "inputflow-emoji",
 "inputflow-en",
 "inputflow-ja",
 "inputflow-pinyin",
]

[[package]]
name = "inputflow-ffi"
version = "0.1.0"
dependencies = [
 "inputflow-ai",
 "inputflow-core",
 "inputflow-dict",
 "inputflow-engine",
]

[[package]]
name = "inputflow-ja"
version = "0.1.0"
dependencies = [
 "inputflow-core",
]

[[package]]
name = "inputflow-pinyin"
version = "0.1.0"
dependencies = [
 "inputflow-core",
 "inputflow-dict",
]

[[package]]
name = "inputflow-sync"
version = "0.1.0"

[[package]]
name = "xtask"
version = "0.1.0"
dependencies = [
 "inputflow-dict",
]
