# This file is automatically @generated by Cargo.
# It is not intended for manual editing.
version = 4

[[package]]
name = "liana-ai"
version = "0.1.0"

[[package]]
name = "liana-core"
version = "0.1.0"

[[package]]
name = "liana-dict"
version = "0.1.0"
dependencies = [
 "liana-core",
]

[[package]]
name = "liana-emoji"
version = "0.1.0"
dependencies = [
 "liana-core",
]

[[package]]
name = "liana-en"
version = "0.1.0"
dependencies = [
 "liana-core",
]

[[package]]
name = "liana-engine"
version = "0.1.0"
dependencies = [
 "liana-core",
 "liana-dict",
 "liana-emoji",
 "liana-en",
 "liana-ja",
 "liana-pinyin",
 "liana-symbol",
 "liana-zhconv",
]

[[package]]
name = "liana-ffi"
version = "0.1.0"
dependencies = [
 "liana-ai",
 "liana-core",
 "liana-dict",
 "liana-engine",
 "liana-plugin",
]

[[package]]
name = "liana-ja"
version = "0.1.0"
dependencies = [
 "liana-core",
]

[[package]]
name = "liana-pinyin"
version = "0.1.0"
dependencies = [
 "liana-core",
 "liana-dict",
]

[[package]]
name = "liana-plugin"
version = "0.1.0"

[[package]]
name = "liana-symbol"
version = "0.1.0"
dependencies = [
 "liana-core",
]

[[package]]
name = "liana-sync"
version = "0.1.0"

[[package]]
name = "liana-zhconv"
version = "0.1.0"

[[package]]
name = "xtask"
version = "0.1.0"
dependencies = [
 "liana-core",
 "liana-dict",
 "liana-engine",
 "liana-plugin",
]
